
Microsoft Visual Studio Solution File, Format Version 12.00
# Visual Studio 2013
VisualStudioVersion = 12.0.31101.0
MinimumVisualStudioVersion = 10.0.40219.1
Project("{FAE04EC0-301F-11D3-BF4B-00C04F79EFBC}") = "UserService.Messages", "UserService.Messages\UserService.Messages.csproj", "{792000F6-F389-4AA5-8B61-B334CEFD9623}"
EndProject
Project("{FAE04EC0-301F-11D3-BF4B-00C04F79EFBC}") = "UserService", "UserService\UserService.csproj", "{2480A488-8BF7-4895-80A8-9604BC8EECDA}"
EndProject
Project("{FAE04EC0-301F-11D3-BF4B-00C04F79EFBC}") = "UserService.Web", "UserService.Web\UserService.Web.csproj", "{CC2FFC96-1A8E-4DBA-BD65-26AFD4FD8694}"
EndProject
Project("{FAE04EC0-301F-11D3-BF4B-00C04F79EFBC}") = "LoggerTest", "LoggerTest\LoggerTest.csproj", "{90A34A51-0DC2-41F8-BAC0-5CD5FB86A4B9}"
EndProject
Project("{FAE04EC0-301F-11D3-BF4B-00C04F79EFBC}") = "WelcomeEmailService", "WelcomeEmailService\WelcomeEmailService.csproj", "{25927D01-F9FD-4075-9886-ACA29C7A7FAA}"
EndProject
Global
	GlobalSection(SolutionConfigurationPlatforms) = preSolution
		Debug|Any CPU = Debug|Any CPU
		Release|Any CPU = Release|Any CPU
	EndGlobalSection
	GlobalSection(ProjectConfigurationPlatforms) = postSolution
		{792000F6-F389-4AA5-8B61-B334CEFD9623}.Debug|Any CPU.ActiveCfg = Debug|Any CPU
		{792000F6-F389-4AA5-8B61-B334CEFD9623}.Debug|Any CPU.Build.0 = Debug|Any CPU
		{792000F6-F389-4AA5-8B61-B334CEFD9623}.Release|Any CPU.ActiveCfg = Release|Any CPU
		{792000F6-F389-4AA5-8B61-B334CEFD9623}.Release|Any CPU.Build.0 = Release|Any CPU
		{2480A488-8BF7-4895-80A8-9604BC8EECDA}.Debug|Any CPU.ActiveCfg = Debug|Any CPU
		{2480A488-8BF7-4895-80A8-9604BC8EECDA}.Debug|Any CPU.Build.0 = Debug|Any CPU
		{2480A488-8BF7-4895-80A8-9604BC8EECDA}.Release|Any CPU.ActiveCfg = Release|Any CPU
		{2480A488-8BF7-4895-80A8-9604BC8EECDA}.Release|Any CPU.Build.0 = Release|Any CPU
		{CC2FFC96-1A8E-4DBA-BD65-26AFD4FD8694}.Debug|Any CPU.ActiveCfg = Debug|Any CPU
		{CC2FFC96-1A8E-4DBA-BD65-26AFD4FD8694}.Debug|Any CPU.Build.0 = Debug|Any CPU
		{CC2FFC96-1A8E-4DBA-BD65-26AFD4FD8694}.Release|Any CPU.ActiveCfg = Release|Any CPU
		{CC2FFC96-1A8E-4DBA-BD65-26AFD4FD8694}.Release|Any CPU.Build.0 = Release|Any CPU
		{90A34A51-0DC2-41F8-BAC0-5CD5FB86A4B9}.Debug|Any CPU.ActiveCfg = Debug|Any CPU
		{90A34A51-0DC2-41F8-BAC0-5CD5FB86A4B9}.Debug|Any CPU.Build.0 = Debug|Any CPU
		{90A34A51-0DC2-41F8-BAC0-5CD5FB86A4B9}.Release|Any CPU.ActiveCfg = Release|Any CPU
		{90A34A51-0DC2-41F8-BAC0-5CD5FB86A4B9}.Release|Any CPU.Build.0 = Release|Any CPU
		{25927D01-F9FD-4075-9886-ACA29C7A7FAA}.Debug|Any CPU.ActiveCfg = Debug|Any CPU
		{25927D01-F9FD-4075-9886-ACA29C7A7FAA}.Debug|Any CPU.Build.0 = Debug|Any CPU
		{25927D01-F9FD-4075-9886-ACA29C7A7FAA}.Release|Any CPU.ActiveCfg = Release|Any CPU
		{25927D01-F9FD-4075-9886-ACA29C7A7FAA}.Release|Any CPU.Build.0 = Release|Any CPU
	EndGlobalSection
	GlobalSection(SolutionProperties) = preSolution
		HideSolutionNode = FALSE
	EndGlobalSection
EndGlobal
